// !$*UTF8*$!
{
	archiveVersion = 1;
	classes = {
	};
	objectVersion = 46;
	objects = {

/* Begin PBXBuildFile section */
		4B1E70341A9CB85000457455 /* AppDelegate.swift in Sources */ = {isa = PBXBuildFile; fileRef = 4B1E70331A9CB85000457455 /* AppDelegate.swift */; };
		4B1E70361A9CB85000457455 /* ViewController.swift in Sources */ = {isa = PBXBuildFile; fileRef = 4B1E70351A9CB85000457455 /* ViewController.swift */; };
		4B1E70391A9CB85000457455 /* Main.storyboard in Resources */ = {isa = PBXBuildFile; fileRef = 4B1E70371A9CB85000457455 /* Main.storyboard */; };
		4B1E703B1A9CB85000457455 /* Images.xcassets in Resources */ = {isa = PBXBuildFile; fileRef = 4B1E703A1A9CB85000457455 /* Images.xcassets */; };
		4B1E703E1A9CB85000457455 /* LaunchScreen.xib in Resources */ = {isa = PBXBuildFile; fileRef = 4B1E703C1A9CB85000457455 /* LaunchScreen.xib */; };
		4B1E704A1A9CB85000457455 /* UITableView_swiftTests.swift in Sources */ = {isa = PBXBuildFile; fileRef = 4B1E70491A9CB85000457455 /* UITableView_swiftTests.swift */; };
/* End PBXBuildFile section */

/* Begin PBXContainerItemProxy section */
		4B1E70441A9CB85000457455 /* PBXContainerItemProxy */ = {
			isa = PBXContainerItemProxy;
			containerPortal = 4B1E70261A9CB85000457455 /* Project object */;
			proxyType = 1;
			remoteGlobalIDString = 4B1E702D1A9CB85000457455;
			remoteInfo = "UITableView swift";
		};
/* End PBXContainerItemProxy section */

/* Begin PBXFileReference section */
		4B1E702E1A9CB85000457455 /* UITableView swift.app */ = {isa = PBXFileReference; explicitFileType = wrapper.application; includeInIndex = 0; path = "UITableView swift.app"; sourceTree = BUILT_PRODUCTS_DIR; };
		4B1E70321A9CB85000457455 /* Info.plist */ = {isa = PBXFileReference; lastKnownFileType = text.plist.xml; path = Info.plist; sourceTree = "<group>"; };
		4B1E70331A9CB85000457455 /* AppDelegate.swift */ = {isa = PBXFileReference; lastKnownFileType = sourcecode.swift; path = AppDelegate.swift; sourceTree = "<group>"; };
		4B1E70351A9CB85000457455 /* ViewController.swift */ = {isa = PBXFileReference; lastKnownFileType = sourcecode.swift; path = ViewController.swift; sourceTree = "<group>"; };
		4B1E70381A9CB85000457455 /* Base */ = {isa = PBXFileReference; lastKnownFileType = file.storyboard; name = Base; path = Base.lproj/Main.storyboard; sourceTree = "<group>"; };
		4B1E703A1A9CB85000457455 /* Images.xcassets */ = {isa = PBXFileReference; lastKnownFileType = folder.assetcatalog; path = Images.xcassets; sourceTree = "<group>"; };
		4B1E703D1A9CB85000457455 /* Base */ = {isa = PBXFileReference; lastKnownFileType = file.xib; name = Base; path = Base.lproj/LaunchScreen.xib; sourceTree = "<group>"; };
		4B1E70431A9CB85000457455 /* UITableView swiftTests.xctest */ = {isa = PBXFileReference; explicitFileType = wrapper.cfbundle; includeInIndex = 0; path = "UITableView swiftTests.xctest"; sourceTree = BUILT_PRODUCTS_DIR; };
		4B1E70481A9CB85000457455 /* Info.plist */ = {isa = PBXFileReference; lastKnownFileType = text.plist.xml; path = Info.plist; sourceTree = "<group>"; };
		4B1E70491A9CB85000457455 /* UITableView_swiftTests.swift */ = {isa = PBXFileReference; lastKnownFileType = sourcecode.swift; path = UITableView_swiftTests.swift; sourceTree = "<group>"; };
/* End PBXFileReference section */

/* Begin PBXFrameworksBuildPhase section */
		4B1E702B1A9CB85000457455 /* Frameworks */ = {
			isa = PBXFrameworksBuildPhase;
			buildActionMask = 2147483647;
			files = (
			);
			runOnlyForDeploymentPostprocessing = 0;
		};
		4B1E70401A9CB85000457455 /* Frameworks */ = {
			isa = PBXFrameworksBuildPhase;
			buildActionMask = 2147483647;
			files = (
			);
			runOnlyForDeploymentPostprocessing = 0;
		};
/* End PBXFrameworksBuildPhase section */

/* Begin PBXGroup section */
		4B1E70251A9CB85000457455 = {
			isa = PBXGroup;
			children = (
				4B1E70301A9CB85000457455 /* UITableView swift */,
				4B1E70461A9CB85000457455 /* UITableView swiftTests */,
				4B1E702F1A9CB85000457455 /* Products */,
			);
			sourceTree = "<group>";
		};
		4B1E702F1A9CB85000457455 /* Products */ = {
			isa = PBXGroup;
			children = (
				4B1E702E1A9CB85000457455 /* UITableView swift.app */,
				4B1E70431A9CB85000457455 /* UITableView swiftTests.xctest */,
			);
			name = Products;
			sourceTree = "<group>";
		};
		4B1E70301A9CB85000457455 /* UITableView swift */ = {
			isa = PBXGroup;
			children = (
				4B1E70331A9CB85000457455 /* AppDelegate.swift */,
				4B1E70351A9CB85000457455 /* ViewController.swift */,
				4B1E70371A9CB85000457455 /* Main.storyboard */,
				4B1E703A1A9CB85000457455 /* Images.xcassets */,
				4B1E703C1A9CB85000457455 /* LaunchScreen.xib */,
				4B1E70311A9CB85000457455 /* Supporting Files */,
			);
			path = "UITableView swift";
			sourceTree = "<group>";
		};
		4B1E70311A9CB85000457455 /* Supporting Files */ = {
			isa = PBXGroup;
			children = (
				4B1E70321A9CB85000457455 /* Info.plist */,
			);
			name = "Supporting Files";
			sourceTree = "<group>";
		};
		4B1E70461A9CB85000457455 /* UITableView swiftTests */ = {
			isa = PBXGroup;
			children = (
				4B1E70491A9CB85000457455 /* UITableView_swiftTests.swift */,
				4B1E70471A9CB85000457455 /* Supporting Files */,
			);
			path = "UITableView swiftTests";
			sourceTree = "<group>";
		};
		4B1E70471A9CB85000457455 /* Supporting Files */ = {
			isa = PBXGroup;
			children = (
				4B1E70481A9CB85000457455 /* Info.plist */,
			);
			name = "Supporting Files";
			sourceTree = "<group>";
		};
/* End PBXGroup section */

/* Begin PBXNativeTarget section */
		4B1E702D1A9CB85000457455 /* UITableView swift */ = {
			isa = PBXNativeTarget;
			buildConfigurationList = 4B1E704D1A9CB85000457455 /* Build configuration list for PBXNativeTarget "UITableView swift" */;
			buildPhases = (
				4B1E702A1A9CB85000457455 /* Sources */,
				4B1E702B1A9CB85000457455 /* Frameworks */,
				4B1E702C1A9CB85000457455 /* Resources */,
			);
			buildRules = (
			);
			dependencies = (
			);
			name = "UITableView swift";
			productName = "UITableView swift";
			productReference = 4B1E702E1A9CB85000457455 /* UITableView swift.app */;
			productType = "com.apple.product-type.application";
		};
		4B1E70421A9CB85000457455 /* UITableView swiftTests */ = {
			isa = PBXNativeTarget;
			buildConfigurationList = 4B1E70501A9CB85000457455 /* Build configuration list for PBXNativeTarget "UITableView swiftTests" */;
			buildPhases = (
				4B1E703F1A9CB85000457455 /* Sources */,
				4B1E70401A9CB85000457455 /* Frameworks */,
				4B1E70411A9CB85000457455 /* Resources */,
			);
			buildRules = (
			);
			dependencies = (
				4B1E70451A9CB85000457455 /* PBXTargetDependency */,
			);
			name = "UITableView swiftTests";
			productName = "UITableView swiftTests";
			productReference = 4B1E70431A9CB85000457455 /* UITableView swiftTests.xctest */;
			productType = "com.apple.product-type.bundle.unit-test";
		};
/* End PBXNativeTarget section */

/* Begin PBXProject section */
		4B1E70261A9CB85000457455 /* Project object */ = {
			isa = PBXProject;
			attributes = {
				LastUpgradeCheck = 0610;
				ORGANIZATIONNAME = mycompany;
				TargetAttributes = {
					4B1E702D1A9CB85000457455 = {
						CreatedOnToolsVersion = 6.1.1;
					};
					4B1E70421A9CB85000457455 = {
						CreatedOnToolsVersion = 6.1.1;
						TestTargetID = 4B1E702D1A9CB85000457455;
					};
				};
			};
			buildConfigurationList = 4B1E70291A9CB85000457455 /* Build configuration list for PBXProject "UITableView swift" */;
			compatibilityVersion = "Xcode 3.2";
			developmentRegion = English;
			hasScannedForEncodings = 0;
			knownRegions = (
				en,
				Base,
			);
			mainGroup = 4B1E70251A9CB85000457455;
			productRefGroup = 4B1E702F1A9CB85000457455 /* Products */;
			projectDirPath = "";
			projectRoot = "";
			targets = (
				4B1E702D1A9CB85000457455 /* UITableView swift */,
				4B1E70421A9CB85000457455 /* UITableView swiftTests */,
			);
		};
/* End PBXProject section */

/* Begin PBXResourcesBuildPhase section */
		4B1E702C1A9CB85000457455 /* Resources */ = {
			isa = PBXResourcesBuildPhase;
			buildActionMask = 2147483647;
			files = (
				4B1E70391A9CB85000457455 /* Main.storyboard in Resources */,
				4B1E703E1A9CB85000457455 /* LaunchScreen.xib in Resources */,
				4B1E703B1A9CB85000457455 /* Images.xcassets in Resources */,
			);
			runOnlyForDeploymentPostprocessing = 0;
		};
		4B1E70411A9CB85000457455 /* Resources */ = {
			isa = PBXResourcesBuildPhase;
			buildActionMask = 2147483647;
			files = (
			);
			runOnlyForDeploymentPostprocessing = 0;
		};
/* End PBXResourcesBuildPhase section */

/* Begin PBXSourcesBuildPhase section */
		4B1E702A1A9CB85000457455 /* Sources */ = {
			isa = PBXSourcesBuildPhase;
			buildActionMask = 2147483647;
			files = (
				4B1E70361A9CB85000457455 /* ViewController.swift in Sources */,
				4B1E70341A9CB85000457455 /* AppDelegate.swift in Sources */,
			);
			runOnlyForDeploymentPostprocessing = 0;
		};
		4B1E703F1A9CB85000457455 /* Sources */ = {
			isa = PBXSourcesBuildPhase;
			buildActionMask = 2147483647;
			files = (
				4B1E704A1A9CB85000457455 /* UITableView_swiftTests.swift in Sources */,
			);
			runOnlyForDeploymentPostprocessing = 0;
		};
/* End PBXSourcesBuildPhase section */

/* Begin PBXTargetDependency section */
		4B1E70451A9CB85000457455 /* PBXTargetDependency */ = {
			isa = PBXTargetDependency;
			target = 4B1E702D1A9CB85000457455 /* UITableView swift */;
			targetProxy = 4B1E70441A9CB85000457455 /* PBXContainerItemProxy */;
		};
/* End PBXTargetDependency section */

/* Begin PBXVariantGroup section */
		4B1E70371A9CB85000457455 /* Main.storyboard */ = {
			isa = PBXVariantGroup;
			children = (
				4B1E70381A9CB85000457455 /* Base */,
			);
			name = Main.storyboard;
			sourceTree = "<group>";
		};
		4B1E703C1A9CB85000457455 /* LaunchScreen.xib */ = {
			isa = PBXVariantGroup;
			children = (
				4B1E703D1A9CB85000457455 /* Base */,
			);
			name = LaunchScreen.xib;
			sourceTree = "<group>";
		};
/* End PBXVariantGroup section */

/* Begin XCBuildConfiguration section */
		4B1E704B1A9CB85000457455 /* Debug */ = {
			isa = XCBuildConfiguration;
			buildSettings = {
				ALWAYS_SEARCH_USER_PATHS = NO;
				CLANG_CXX_LANGUAGE_STANDARD = "gnu++0x";
				CLANG_CXX_LIBRARY = "libc++";
				CLANG_ENABLE_MODULES = YES;
				CLANG_ENABLE_OBJC_ARC = YES;
				CLANG_WARN_BOOL_CONVERSION = YES;
				CLANG_WARN_CONSTANT_CONVERSION = YES;
				CLANG_WARN_DIRECT_OBJC_ISA_USAGE = YES_ERROR;
				CLANG_WARN_EMPTY_BODY = YES;
				CLANG_WARN_ENUM_CONVERSION = YES;
				CLANG_WARN_INT_CONVERSION = YES;
				CLANG_WARN_OBJC_ROOT_CLASS = YES_ERROR;
				CLANG_WARN_UNREACHABLE_CODE = YES;
				CLANG_WARN__DUPLICATE_METHOD_MATCH = YES;
				"CODE_SIGN_IDENTITY[sdk=iphoneos*]" = "iPhone Developer";
				COPY_PHASE_STRIP = NO;
				ENABLE_STRICT_OBJC_MSGSEND = YES;
				GCC_C_LANGUAGE_STANDARD = gnu99;
				GCC_DYNAMIC_NO_PIC = NO;
				GCC_OPTIMIZATION_LEVEL = 0;
				GCC_PREPROCESSOR_DEFINITIONS = (
					"DEBUG=1",
					"$(inherited)",
				);
				GCC_SYMBOLS_PRIVATE_EXTERN = NO;
				GCC_WARN_64_TO_32_BIT_CONVERSION = YES;
				GCC_WARN_ABOUT_RETURN_TYPE = YES_ERROR;
				GCC_WARN_UNDECLARED_SELECTOR = YES;
				GCC_WARN_UNINITIALIZED_AUTOS = YES_AGGRESSIVE;
				GCC_WARN_UNUSED_FUNCTION = YES;
				GCC_WARN_UNUSED_VARIABLE = YES;
				IPHONEOS_DEPLOYMENT_TARGET = 8.1;
				MTL_ENABLE_DEBUG_INFO = YES;
				ONLY_ACTIVE_ARCH = YES;
				SDKROOT = iphoneos;
				SWIFT_OPTIMIZATION_LEVEL = "-Onone";
			};
			name = Debug;
		};
		4B1E704C1A9CB85000457455 /* Release */ = {
			isa = XCBuildConfiguration;
			buildSettings = {
				ALWAYS_SEARCH_USER_PATHS = NO;
				CLANG_CXX_LANGUAGE_STANDARD = "gnu++0x";
				CLANG_CXX_LIBRARY = "libc++";
				CLANG_ENABLE_MODULES = YES;
				CLANG_ENABLE_OBJC_ARC = YES;
				CLANG_WARN_BOOL_CONVERSION = YES;
				CLANG_WARN_CONSTANT_CONVERSION = YES;
				CLANG_WARN_DIRECT_OBJC_ISA_USAGE = YES_ERROR;
				CLANG_WARN_EMPTY_BODY = YES;
				CLANG_WARN_ENUM_CONVERSION = YES;
				CLANG_WARN_INT_CONVERSION = YES;
				CLANG_WARN_OBJC_ROOT_CLASS = YES_ERROR;
				CLANG_WARN_UNREACHABLE_CODE = YES;
				CLANG_WARN__DUPLICATE_METHOD_MATCH = YES;
				"CODE_SIGN_IDENTITY[sdk=iphoneos*]" = "iPhone Developer";
				COPY_PHASE_STRIP = YES;
				ENABLE_NS_ASSERTIONS = NO;
				ENABLE_STRICT_OBJC_MSGSEND = YES;
				GCC_C_LANGUAGE_STANDARD = gnu99;
				GCC_WARN_64_TO_32_BIT_CONVERSION = YES;
				GCC_WARN_ABOUT_RETURN_TYPE = YES_ERROR;
				GCC_WARN_UNDECLARED_SELECTOR = YES;
				GCC_WARN_UNINITIALIZED_AUTOS = YES_AGGRESSIVE;
				GCC_WARN_UNUSED_FUNCTION = YES;
				GCC_WARN_UNUSED_VARIABLE = YES;
				IPHONEOS_DEPLOYMENT_TARGET = 8.1;
				MTL_ENABLE_DEBUG_INFO = NO;
				SDKROOT = iphoneos;
				VALIDATE_PRODUCT = YES;
			};
			name = Release;
		};
		4B1E704E1A9CB85000457455 /* Debug */ = {
			isa = XCBuildConfiguration;
			buildSettings = {
				ASSETCATALOG_COMPILER_APPICON_NAME = AppIcon;
				INFOPLIST_FILE = "UITableView swift/Info.plist";
				LD_RUNPATH_SEARCH_PATHS = "$(inherited) @executable_path/Frameworks";
				PRODUCT_NAME = "$(TARGET_NAME)";
			};
			name = Debug;
		};
		4B1E704F1A9CB85000457455 /* Release */ = {
			isa = XCBuildConfiguration;
			buildSettings = {
				ASSETCATALOG_COMPILER_APPICON_NAME = AppIcon;
				INFOPLIST_FILE = "UITableView swift/Info.plist";
				LD_RUNPATH_SEARCH_PATHS = "$(inherited) @executable_path/Frameworks";
				PRODUCT_NAME = "$(TARGET_NAME)";
			};
			name = Release;
		};
		4B1E70511A9CB85000457455 /* Debug */ = {
			isa = XCBuildConfiguration;
			buildSettings = {
				BUNDLE_LOADER = "$(TEST_HOST)";
				FRAMEWORK_SEARCH_PATHS = (
					"$(SDKROOT)/Developer/Library/Frameworks",
					"$(inherited)",
				);
				GCC_PREPROCESSOR_DEFINITIONS = (
					"DEBUG=1",
					"$(inherited)",
				);
				INFOPLIST_FILE = "UITableView swiftTests/Info.plist";
				LD_RUNPATH_SEARCH_PATHS = "$(inherited) @executable_path/Frameworks @loader_path/Frameworks";
				PRODUCT_NAME = "$(TARGET_NAME)";
				TEST_HOST = "$(BUILT_PRODUCTS_DIR)/UITableView swift.app/UITableView swift";
			};
			name = Debug;
		};
		4B1E70521A9CB85000457455 /* Release */ = {
			isa = XCBuildConfiguration;
			buildSettings = {
				BUNDLE_LOADER = "$(TEST_HOST)";
				FRAMEWORK_SEARCH_PATHS = (
					"$(SDKROOT)/Developer/Library/Frameworks",
					"$(inherited)",
				);
				INFOPLIST_FILE = "UITableView swiftTests/Info.plist";
				LD_RUNPATH_SEARCH_PATHS = "$(inherited) @executable_path/Frameworks @loader_path/Frameworks";
				PRODUCT_NAME = "$(TARGET_NAME)";
				TEST_HOST = "$(BUILT_PRODUCTS_DIR)/UITableView swift.app/UITableView swift";
			};
			name = Release;
		};
/* End XCBuildConfiguration section */

/* Begin XCConfigurationList section */
		4B1E70291A9CB85000457455 /* Build configuration list for PBXProject "UITableView swift" */ = {
			isa = XCConfigurationList;
			buildConfigurations = (
				4B1E704B1A9CB85000457455 /* Debug */,
				4B1E704C1A9CB85000457455 /* Release */,
			);
			defaultConfigurationIsVisible = 0;
			defaultConfigurationName = Release;
		};
		4B1E704D1A9CB85000457455 /* Build configuration list for PBXNativeTarget "UITableView swift" */ = {
			isa = XCConfigurationList;
			buildConfigurations = (
				4B1E704E1A9CB85000457455 /* Debug */,
				4B1E704F1A9CB85000457455 /* Release */,
			);
			defaultConfigurationIsVisible = 0;
		};
		4B1E70501A9CB85000457455 /* Build configuration list for PBXNativeTarget "UITableView swiftTests" */ = {
			isa = XCConfigurationList;
			buildConfigurations = (
				4B1E70511A9CB85000457455 /* Debug */,
				4B1E70521A9CB85000457455 /* Release */,
			);
			defaultConfigurationIsVisible = 0;
		};
/* End XCConfigurationList section */
	};
	rootObject = 4B1E70261A9CB85000457455 /* Project object */;
}
